{
  "name": "library_system",
  "version": "1.0.0",
  "lockfileVersion": 1,
  "requires": true,
  "dependencies": {
    "accepts": {
      "version": "http://r.cnpmjs.org/accepts/download/accepts-1.3.4.tgz",
      "integrity": "sha1-hiRnWMfdbSGmR0/whKR0DsBesh8=",
      "requires": {
        "mime-types": "https://registry.npmjs.org/mime-types/-/mime-types-2.1.17.tgz",
        "negotiator": "http://r.cnpmjs.org/negotiator/download/negotiator-0.6.1.tgz"
      }
    },
    "array-flatten": {
      "version": "http://r.cnpmjs.org/array-flatten/download/array-flatten-1.1.1.tgz",
      "integrity": "sha1-ml9pkFGx5wczKPKgCJaLZOopVdI="
    },
    "content-disposition": {
      "version": "http://r.cnpmjs.org/content-disposition/download/content-disposition-0.5.1.tgz",
      "integrity": "sha1-h0dsamfI2qh+Muh2Ft+IO6f7Bxs="
    },
    "content-type": {
      "version": "http://r.cnpmjs.org/content-type/download/content-type-1.0.4.tgz",
      "integrity": "sha1-4TjMdeBAxyexlm/l5fjJruJW/js="
    },
    "cookie": {
      "version": "http://r.cnpmjs.org/cookie/download/cookie-0.3.1.tgz",
      "integrity": "sha1-5+Ch+e9DtMi6klxcWpboBtFoc7s="
    },
    "cookie-signature": {
      "version": "http://r.cnpmjs.org/cookie-signature/download/cookie-signature-1.0.6.tgz",
      "integrity": "sha1-4wOogrNCzD7oylE6eZmXNNqzriw="
    },
    "debug": {
      "version": "http://r.cnpmjs.org/debug/download/debug-2.2.0.tgz",
      "integrity": "sha1-+HBX6ZWxofauaklgZkE3vFbwOdo=",
      "requires": {
        "ms": "http://r.cnpmjs.org/ms/download/ms-0.7.1.tgz"
      }
    },
    "depd": {
      "version": "http://r.cnpmjs.org/depd/download/depd-1.1.1.tgz",
      "integrity": "sha1-V4O04cRZ8G+lyif5kfPQbnoxA1k="
    },
    "destroy": {
      "version": "http://r.cnpmjs.org/destroy/download/destroy-1.0.4.tgz",
      "integrity": "sha1-l4hXRCxEdJ5CBmE+N5RiBYJqvYA="
    },
    "ee-first": {
      "version": "http://r.cnpmjs.org/ee-first/download/ee-first-1.1.1.tgz",
      "integrity": "sha1-WQxhFWsK4vTwJVcyoViyZrxWsh0="
    },
    "ejs": {
      "version": "2.5.7",
      "resolved": "http://r.cnpmjs.org/ejs/download/ejs-2.5.7.tgz",
      "integrity": "sha1-zIcsFoiArjxxiXYv1f/ACJbJUYo="
    },
    "encodeurl": {
      "version": "http://r.cnpmjs.org/encodeurl/download/encodeurl-1.0.1.tgz",
      "integrity": "sha1-eePVhlU0aQn+bw9Fpd5oEDspTSA="
    },
    "escape-html": {
      "version": "http://r.cnpmjs.org/escape-html/download/escape-html-1.0.3.tgz",
      "integrity": "sha1-Aljq5NPQwJdN4cFpGI7wBR0dGYg="
    },
    "etag": {
      "version": "http://r.cnpmjs.org/etag/download/etag-1.7.0.tgz",
      "integrity": "sha1-A9MLX2fdbmMtKUXTDWZScxo01dg="
    },
    "express": {
      "version": "http://r.cnpmjs.org/express/download/express-4.14.0.tgz",
      "integrity": "sha1-we4/Qs3Ikfs9xlCoki1R7IR9DWY=",
      "requires": {
        "accepts": "http://r.cnpmjs.org/accepts/download/accepts-1.3.4.tgz",
        "array-flatten": "http://r.cnpmjs.org/array-flatten/download/array-flatten-1.1.1.tgz",
        "content-disposition": "http://r.cnpmjs.org/content-disposition/download/content-disposition-0.5.1.tgz",
        "content-type": "http://r.cnpmjs.org/content-type/download/content-type-1.0.4.tgz",
        "cookie": "http://r.cnpmjs.org/cookie/download/cookie-0.3.1.tgz",
        "cookie-signature": "http://r.cnpmjs.org/cookie-signature/download/cookie-signature-1.0.6.tgz",
        "debug": "http://r.cnpmjs.org/debug/download/debug-2.2.0.tgz",
        "depd": "http://r.cnpmjs.org/depd/download/depd-1.1.1.tgz",
        "encodeurl": "http://r.cnpmjs.org/encodeurl/download/encodeurl-1.0.1.tgz",
        "escape-html": "http://r.cnpmjs.org/escape-html/download/escape-html-1.0.3.tgz",
        "etag": "http://r.cnpmjs.org/etag/download/etag-1.7.0.tgz",
        "finalhandler": "http://r.cnpmjs.org/finalhandler/download/finalhandler-0.5.0.tgz",
        "fresh": "http://r.cnpmjs.org/fresh/download/fresh-0.3.0.tgz",
        "merge-descriptors": "http://r.cnpmjs.org/merge-descriptors/download/merge-descriptors-1.0.1.tgz",
        "methods": "http://r.cnpmjs.org/methods/download/methods-1.1.2.tgz",
        "on-finished": "http://r.cnpmjs.org/on-finished/download/on-finished-2.3.0.tgz",
        "parseurl": "http://r.cnpmjs.org/parseurl/download/parseurl-1.3.2.tgz",
        "path-to-regexp": "http://r.cnpmjs.org/path-to-regexp/download/path-to-regexp-0.1.7.tgz",
        "proxy-addr": "http://r.cnpmjs.org/proxy-addr/download/proxy-addr-1.1.5.tgz",
        "qs": "http://r.cnpmjs.org/qs/download/qs-6.2.0.tgz",
        "range-parser": "http://r.cnpmjs.org/range-parser/download/range-parser-1.2.0.tgz",
        "send": "http://r.cnpmjs.org/send/download/send-0.14.1.tgz",
        "serve-static": "http://r.cnpmjs.org/serve-static/download/serve-static-1.11.2.tgz",
        "type-is": "http://r.cnpmjs.org/type-is/download/type-is-1.6.15.tgz",
        "utils-merge": "http://r.cnpmjs.org/utils-merge/download/utils-merge-1.0.0.tgz",
        "vary": "http://r.cnpmjs.org/vary/download/vary-1.1.2.tgz"
      }
    },
    "finalhandler": {
      "version": "http://r.cnpmjs.org/finalhandler/download/finalhandler-0.5.0.tgz",
      "integrity": "sha1-6VCKvs6bbbqHGmlCodeRG5GRGsc=",
      "requires": {
        "debug": "http://r.cnpmjs.org/debug/download/debug-2.2.0.tgz",
        "escape-html": "http://r.cnpmjs.org/escape-html/download/escape-html-1.0.3.tgz",
        "on-finished": "http://r.cnpmjs.org/on-finished/download/on-finished-2.3.0.tgz",
        "statuses": "http://r.cnpmjs.org/statuses/download/statuses-1.3.1.tgz",
        "unpipe": "http://r.cnpmjs.org/unpipe/download/unpipe-1.0.0.tgz"
      }
    },
    "forwarded": {
      "version": "http://r.cnpmjs.org/forwarded/download/forwarded-0.1.2.tgz",
      "integrity": "sha1-mMI9qxF1ZXuMBXPozszZGw/xjIQ="
    },
    "fresh": {
      "version": "http://r.cnpmjs.org/fresh/download/fresh-0.3.0.tgz",
      "integrity": "sha1-ZR+DjiJCTnVm3hYdg1jKoZn4PU8="
    },
    "http-errors": {
      "version": "http://r.cnpmjs.org/http-errors/download/http-errors-1.5.1.tgz",
      "integrity": "sha1-eIwNLB3iyBuebowBhDtrl+uSB1A=",
      "requires": {
        "inherits": "http://r.cnpmjs.org/inherits/download/inherits-2.0.3.tgz",
        "setprototypeof": "http://r.cnpmjs.org/setprototypeof/download/setprototypeof-1.0.2.tgz",
        "statuses": "http://r.cnpmjs.org/statuses/download/statuses-1.3.1.tgz"
      }
    },
    "inherits": {
      "version": "http://r.cnpmjs.org/inherits/download/inherits-2.0.3.tgz",
      "integrity": "sha1-Yzwsg+PaQqUC9SRmAiSA9CCCYd4="
    },
    "ipaddr.js": {
      "version": "http://r.cnpmjs.org/ipaddr.js/download/ipaddr.js-1.4.0.tgz",
      "integrity": "sha1-KWrKh4qCGBbluF0KKFqZvP9FgvA="
    },
    "media-typer": {
      "version": "http://r.cnpmjs.org/media-typer/download/media-typer-0.3.0.tgz",
      "integrity": "sha1-hxDXrwqmJvj/+hzgAWhUUmMlV0g="
    },
    "merge-descriptors": {
      "version": "http://r.cnpmjs.org/merge-descriptors/download/merge-descriptors-1.0.1.tgz",
      "integrity": "sha1-sAqqVW3YtEVoFQ7J0blT8/kMu2E="
    },
    "methods": {
      "version": "http://r.cnpmjs.org/methods/download/methods-1.1.2.tgz",
      "integrity": "sha1-VSmk1nZUE07cxSZmVoNbD4Ua/O4="
    },
    "mime": {
      "version": "http://r.cnpmjs.org/mime/download/mime-1.3.4.tgz",
      "integrity": "sha1-EV+eO2s9rylZmDyzjxSaLUDrXVM="
    },
    "mime-db": {
      "version": "https://registry.npmjs.org/mime-db/-/mime-db-1.30.0.tgz",
      "integrity": "sha1-dMZD2i3Z1qRTmZY0ZbJtXKfXHwE="
    },
    "mime-types": {
      "version": "https://registry.npmjs.org/mime-types/-/mime-types-2.1.17.tgz",
      "integrity": "sha1-Cdejk/A+mVp5+K+Fe3Cp4KsWVXo=",
      "requires": {
        "mime-db": "https://registry.npmjs.org/mime-db/-/mime-db-1.30.0.tgz"
      }
    },
    "ms": {
      "version": "http://r.cnpmjs.org/ms/download/ms-0.7.1.tgz",
      "integrity": "sha1-nNE8A62/8ltl7/3nzoZO6VIBcJg="
    },
    "negotiator": {
      "version": "http://r.cnpmjs.org/negotiator/download/negotiator-0.6.1.tgz",
      "integrity": "sha1-KzJxhOiZIQEXeyhWP7XnECrNDKk="
    },
    "on-finished": {
      "version": "http://r.cnpmjs.org/on-finished/download/on-finished-2.3.0.tgz",
      "integrity": "sha1-IPEzZIGwg811M3mSoWlxqi2QaUc=",
      "requires": {
        "ee-first": "http://r.cnpmjs.org/ee-first/download/ee-first-1.1.1.tgz"
      }
    },
    "parseurl": {
      "version": "http://r.cnpmjs.org/parseurl/download/parseurl-1.3.2.tgz",
      "integrity": "sha1-/CidTtiZMRlGDBViUyYs3I3mW/M="
    },
    "path-to-regexp": {
      "version": "http://r.cnpmjs.org/path-to-regexp/download/path-to-regexp-0.1.7.tgz",
      "integrity": "sha1-32BBeABfUi8V60SQ5yR6G/qmf4w="
    },
    "proxy-addr": {
      "version": "http://r.cnpmjs.org/proxy-addr/download/proxy-addr-1.1.5.tgz",
      "integrity": "sha1-ccDuOxAt4/IC87ZPYI0XP8uhqRg=",
      "requires": {
        "forwarded": "http://r.cnpmjs.org/forwarded/download/forwarded-0.1.2.tgz",
        "ipaddr.js": "http://r.cnpmjs.org/ipaddr.js/download/ipaddr.js-1.4.0.tgz"
      }
    },
    "qs": {
      "version": "http://r.cnpmjs.org/qs/download/qs-6.2.0.tgz",
      "integrity": "sha1-O3hIwDwt7OaalSKw+ujEEm10Xzs="
    },
    "range-parser": {
      "version": "http://r.cnpmjs.org/range-parser/download/range-parser-1.2.0.tgz",
      "integrity": "sha1-9JvmtIeJTdxA3MlKMi9hEJLgDV4="
    },
    "send": {
      "version": "http://r.cnpmjs.org/send/download/send-0.14.1.tgz",
      "integrity": "sha1-qVSYQyU5L1FTKndgdg5FlZjIn3o=",
      "requires": {
        "debug": "http://r.cnpmjs.org/debug/download/debug-2.2.0.tgz",
        "depd": "http://r.cnpmjs.org/depd/download/depd-1.1.1.tgz",
        "destroy": "http://r.cnpmjs.org/destroy/download/destroy-1.0.4.tgz",
        "encodeurl": "http://r.cnpmjs.org/encodeurl/download/encodeurl-1.0.1.tgz",
        "escape-html": "http://r.cnpmjs.org/escape-html/download/escape-html-1.0.3.tgz",
        "etag": "http://r.cnpmjs.org/etag/download/etag-1.7.0.tgz",
        "fresh": "http://r.cnpmjs.org/fresh/download/fresh-0.3.0.tgz",
        "http-errors": "http://r.cnpmjs.org/http-errors/download/http-errors-1.5.1.tgz",
        "mime": "http://r.cnpmjs.org/mime/download/mime-1.3.4.tgz",
        "ms": "http://r.cnpmjs.org/ms/download/ms-0.7.1.tgz",
        "on-finished": "http://r.cnpmjs.org/on-finished/download/on-finished-2.3.0.tgz",
        "range-parser": "http://r.cnpmjs.org/range-parser/download/range-parser-1.2.0.tgz",
        "statuses": "http://r.cnpmjs.org/statuses/download/statuses-1.3.1.tgz"
      }
    },
    "serve-static": {
      "version": "http://r.cnpmjs.org/serve-static/download/serve-static-1.11.2.tgz",
      "integrity": "sha1-LPmIm9RDWjIMw2iVyapXvWYuasc=",
      "requires": {
        "encodeurl": "http://r.cnpmjs.org/encodeurl/download/encodeurl-1.0.1.tgz",
        "escape-html": "http://r.cnpmjs.org/escape-html/download/escape-html-1.0.3.tgz",
        "parseurl": "http://r.cnpmjs.org/parseurl/download/parseurl-1.3.2.tgz",
        "send": "http://r.cnpmjs.org/send/download/send-0.14.2.tgz"
      },
      "dependencies": {
        "ms": {
          "version": "http://r.cnpmjs.org/ms/download/ms-0.7.2.tgz",
          "integrity": "sha1-riXPJRKziFodldfwN4aNhDESR2U="
        },
        "send": {
          "version": "http://r.cnpmjs.org/send/download/send-0.14.2.tgz",
          "integrity": "sha1-ObBDiz9RC+Xcb2Z6EfcWiTaM3u8=",
          "requires": {
            "debug": "http://r.cnpmjs.org/debug/download/debug-2.2.0.tgz",
            "depd": "http://r.cnpmjs.org/depd/download/depd-1.1.1.tgz",
            "destroy": "http://r.cnpmjs.org/destroy/download/destroy-1.0.4.tgz",
            "encodeurl": "http://r.cnpmjs.org/encodeurl/download/encodeurl-1.0.1.tgz",
            "escape-html": "http://r.cnpmjs.org/escape-html/download/escape-html-1.0.3.tgz",
            "etag": "http://r.cnpmjs.org/etag/download/etag-1.7.0.tgz",
            "fresh": "http://r.cnpmjs.org/fresh/download/fresh-0.3.0.tgz",
            "http-errors": "http://r.cnpmjs.org/http-errors/download/http-errors-1.5.1.tgz",
            "mime": "http://r.cnpmjs.org/mime/download/mime-1.3.4.tgz",
            "ms": "http://r.cnpmjs.org/ms/download/ms-0.7.2.tgz",
            "on-finished": "http://r.cnpmjs.org/on-finished/download/on-finished-2.3.0.tgz",
            "range-parser": "http://r.cnpmjs.org/range-parser/download/range-parser-1.2.0.tgz",
            "statuses": "http://r.cnpmjs.org/statuses/download/statuses-1.3.1.tgz"
          }
        }
      }
    },
    "setprototypeof": {
      "version": "http://r.cnpmjs.org/setprototypeof/download/setprototypeof-1.0.2.tgz",
      "integrity": "sha1-gaVSFB7BBLiOic44MQOtXGZWTQg="
    },
    "statuses": {
      "version": "http://r.cnpmjs.org/statuses/download/statuses-1.3.1.tgz",
      "integrity": "sha1-+vUbnrdKrvOzrPStX2Gr8ky3uT4="
    },
    "type-is": {
      "version": "http://r.cnpmjs.org/type-is/download/type-is-1.6.15.tgz",
      "integrity": "sha1-yrEPtJCeRByChC6v4a1kbIGARBA=",
      "requires": {
        "media-typer": "http://r.cnpmjs.org/media-typer/download/media-typer-0.3.0.tgz",
        "mime-types": "https://registry.npmjs.org/mime-types/-/mime-types-2.1.17.tgz"
      }
    },
    "unpipe": {
      "version": "http://r.cnpmjs.org/unpipe/download/unpipe-1.0.0.tgz",
      "integrity": "sha1-sr9O6FFKrmFltIF4KdIbLvSZBOw="
    },
    "utils-merge": {
      "version": "http://r.cnpmjs.org/utils-merge/download/utils-merge-1.0.0.tgz",
      "integrity": "sha1-ApT7kiu5N1FTVBxPcJYjHyh8ivg="
    },
    "vary": {
      "version": "http://r.cnpmjs.org/vary/download/vary-1.1.2.tgz",
      "integrity": "sha1-IpnwLG3tMNSllhsLn3RSShj2NPw="
    }
  }
}
